
Microsoft Visual Studio Solution File, Format Version 12.00
# Visual Studio Version 16
VisualStudioVersion = 16.0.31129.286
MinimumVisualStudioVersion = 10.0.40219.1
Project("{FAE04EC0-301F-11D3-BF4B-00C04F79EFBC}") = "LeaveManagement", "LeaveManagement\LeaveManagement.csproj", "{67BC223C-D328-45F2-AD47-6E32A715523F}"
EndProject
Global
	GlobalSection(SolutionConfigurationPlatforms) = preSolution
		Debug|Any CPU = Debug|Any CPU
		Release|Any CPU = Release|Any CPU
	EndGlobalSection
	GlobalSection(ProjectConfigurationPlatforms) = postSolution
		{67BC223C-D328-45F2-AD47-6E32A715523F}.Debug|Any CPU.ActiveCfg = Debug|Any CPU
		{67BC223C-D328-45F2-AD47-6E32A715523F}.Debug|Any CPU.Build.0 = Debug|Any CPU
		{67BC223C-D328-45F2-AD47-6E32A715523F}.Release|Any CPU.ActiveCfg = Release|Any CPU
		{67BC223C-D328-45F2-AD47-6E32A715523F}.Release|Any CPU.Build.0 = Release|Any CPU
	EndGlobalSection
	GlobalSection(SolutionProperties) = preSolution
		HideSolutionNode = FALSE
	EndGlobalSection
	GlobalSection(ExtensibilityGlobals) = postSolution
		SolutionGuid = {3F813113-03F1-43EB-817D-65FF984ACF1A}
	EndGlobalSection
EndGlobal
